
Microsoft Visual Studio Solution File, Format Version 11.00
# Visual Studio 2010
Project("{FAE04EC0-301F-11D3-BF4B-00C04F79EFBC}") = "Assembly-CSharp-firstpass", "Assembly-CSharp-firstpass.csproj", "{ef7365f7-0d91-a094-d299-d94a3a94c13f}"
EndProject
Project("{FAE04EC0-301F-11D3-BF4B-00C04F79EFBC}") = "CW.Common", "CW.Common.csproj", "{8608681b-5a7b-4c55-8880-0b87be9c3b52}"
EndProject
Project("{FAE04EC0-301F-11D3-BF4B-00C04F79EFBC}") = "LeanCommon", "LeanCommon.csproj", "{7ed89601-8775-3457-b6ca-76845ccc55da}"
EndProject
Project("{FAE04EC0-301F-11D3-BF4B-00C04F79EFBC}") = "Assembly-CSharp", "Assembly-CSharp.csproj", "{23aa11db-4226-a739-63a3-7963fe73041d}"
EndProject
Project("{FAE04EC0-301F-11D3-BF4B-00C04F79EFBC}") = "LeanTouch", "LeanTouch.csproj", "{3eb61493-aa81-6fe6-d6eb-ffe613df66c2}"
EndProject
Project("{FAE04EC0-301F-11D3-BF4B-00C04F79EFBC}") = "CFXRDemo", "CFXRDemo.csproj", "{072787fa-df33-525c-93a8-784c193aec97}"
EndProject
Project("{FAE04EC0-301F-11D3-BF4B-00C04F79EFBC}") = "KinoBloom.Runtime", "KinoBloom.Runtime.csproj", "{2cf79143-c1da-72f0-23fd-f376410a73aa}"
EndProject
Project("{FAE04EC0-301F-11D3-BF4B-00C04F79EFBC}") = "CFXRRuntime", "CFXRRuntime.csproj", "{f056cf9e-3cbe-122b-18a9-3c4f10410f09}"
EndProject
Project("{FAE04EC0-301F-11D3-BF4B-00C04F79EFBC}") = "Assembly-CSharp-Editor-firstpass", "Assembly-CSharp-Editor-firstpass.csproj", "{b684c7a6-8a04-7f54-a4db-ecd5745e98c3}"
EndProject
Project("{FAE04EC0-301F-11D3-BF4B-00C04F79EFBC}") = "ToonyColorsPro.Demo.Editor", "ToonyColorsPro.Demo.Editor.csproj", "{fa7e90c1-f461-5cde-d915-2ed5bde5b114}"
EndProject
Project("{FAE04EC0-301F-11D3-BF4B-00C04F79EFBC}") = "CFXREditor", "CFXREditor.csproj", "{0ed56fb2-d6dc-9094-7cfc-dc3a33e13405}"
EndProject
Global
	GlobalSection(SolutionConfigurationPlatforms) = preSolution
		Debug|Any CPU = Debug|Any CPU
	EndGlobalSection
	GlobalSection(ProjectConfigurationPlatforms) = postSolution
		{ef7365f7-0d91-a094-d299-d94a3a94c13f}.Debug|Any CPU.ActiveCfg = Debug|Any CPU
		{ef7365f7-0d91-a094-d299-d94a3a94c13f}.Debug|Any CPU.Build.0 = Debug|Any CPU
		{8608681b-5a7b-4c55-8880-0b87be9c3b52}.Debug|Any CPU.ActiveCfg = Debug|Any CPU
		{8608681b-5a7b-4c55-8880-0b87be9c3b52}.Debug|Any CPU.Build.0 = Debug|Any CPU
		{7ed89601-8775-3457-b6ca-76845ccc55da}.Debug|Any CPU.ActiveCfg = Debug|Any CPU
		{7ed89601-8775-3457-b6ca-76845ccc55da}.Debug|Any CPU.Build.0 = Debug|Any CPU
		{23aa11db-4226-a739-63a3-7963fe73041d}.Debug|Any CPU.ActiveCfg = Debug|Any CPU
		{23aa11db-4226-a739-63a3-7963fe73041d}.Debug|Any CPU.Build.0 = Debug|Any CPU
		{3eb61493-aa81-6fe6-d6eb-ffe613df66c2}.Debug|Any CPU.ActiveCfg = Debug|Any CPU
		{3eb61493-aa81-6fe6-d6eb-ffe613df66c2}.Debug|Any CPU.Build.0 = Debug|Any CPU
		{072787fa-df33-525c-93a8-784c193aec97}.Debug|Any CPU.ActiveCfg = Debug|Any CPU
		{072787fa-df33-525c-93a8-784c193aec97}.Debug|Any CPU.Build.0 = Debug|Any CPU
		{2cf79143-c1da-72f0-23fd-f376410a73aa}.Debug|Any CPU.ActiveCfg = Debug|Any CPU
		{2cf79143-c1da-72f0-23fd-f376410a73aa}.Debug|Any CPU.Build.0 = Debug|Any CPU
		{f056cf9e-3cbe-122b-18a9-3c4f10410f09}.Debug|Any CPU.ActiveCfg = Debug|Any CPU
		{f056cf9e-3cbe-122b-18a9-3c4f10410f09}.Debug|Any CPU.Build.0 = Debug|Any CPU
		{b684c7a6-8a04-7f54-a4db-ecd5745e98c3}.Debug|Any CPU.ActiveCfg = Debug|Any CPU
		{b684c7a6-8a04-7f54-a4db-ecd5745e98c3}.Debug|Any CPU.Build.0 = Debug|Any CPU
		{fa7e90c1-f461-5cde-d915-2ed5bde5b114}.Debug|Any CPU.ActiveCfg = Debug|Any CPU
		{fa7e90c1-f461-5cde-d915-2ed5bde5b114}.Debug|Any CPU.Build.0 = Debug|Any CPU
		{0ed56fb2-d6dc-9094-7cfc-dc3a33e13405}.Debug|Any CPU.ActiveCfg = Debug|Any CPU
		{0ed56fb2-d6dc-9094-7cfc-dc3a33e13405}.Debug|Any CPU.Build.0 = Debug|Any CPU
	EndGlobalSection
	GlobalSection(SolutionProperties) = preSolution
		HideSolutionNode = FALSE
	EndGlobalSection
EndGlobal
